
Microsoft Visual Studio Solution File, Format Version 12.00
# Visual Studio Version 16
VisualStudioVersion = 16.0.29911.84
MinimumVisualStudioVersion = 10.0.40219.1
Project("{FAE04EC0-301F-11D3-BF4B-00C04F79EFBC}") = "Repaso", "Repaso\Repaso.csproj", "{5CFD8832-9FE7-432B-994E-FF709FE90491}"
EndProject
Global
	GlobalSection(SolutionConfigurationPlatforms) = preSolution
		Debug|Any CPU = Debug|Any CPU
		Release|Any CPU = Release|Any CPU
	EndGlobalSection
	GlobalSection(ProjectConfigurationPlatforms) = postSolution
		{5CFD8832-9FE7-432B-994E-FF709FE90491}.Debug|Any CPU.ActiveCfg = Debug|Any CPU
		{5CFD8832-9FE7-432B-994E-FF709FE90491}.Debug|Any CPU.Build.0 = Debug|Any CPU
		{5CFD8832-9FE7-432B-994E-FF709FE90491}.Release|Any CPU.ActiveCfg = Release|Any CPU
		{5CFD8832-9FE7-432B-994E-FF709FE90491}.Release|Any CPU.Build.0 = Release|Any CPU
	EndGlobalSection
	GlobalSection(SolutionProperties) = preSolution
		HideSolutionNode = FALSE
	EndGlobalSection
	GlobalSection(ExtensibilityGlobals) = postSolution
		SolutionGuid = {245BEA45-1CBF-45E5-A76D-7D3A4377589F}
	EndGlobalSection
EndGlobal
