
Microsoft Visual Studio Solution File, Format Version 12.00
# Visual Studio Version 16
VisualStudioVersion = 16.0.30011.22
MinimumVisualStudioVersion = 10.0.40219.1
Project("{FAE04EC0-301F-11D3-BF4B-00C04F79EFBC}") = "Entidades", "Entidades.csproj", "{E326FD2B-1218-4715-971B-508BD80BBFD1}"
EndProject
Project("{FAE04EC0-301F-11D3-BF4B-00C04F79EFBC}") = "Torneos", "..\Programa\Torneos.csproj", "{948A8012-3E55-405D-9705-55FA0A5FC1A1}"
EndProject
Global
	GlobalSection(SolutionConfigurationPlatforms) = preSolution
		Debug|Any CPU = Debug|Any CPU
		Release|Any CPU = Release|Any CPU
	EndGlobalSection
	GlobalSection(ProjectConfigurationPlatforms) = postSolution
		{E326FD2B-1218-4715-971B-508BD80BBFD1}.Debug|Any CPU.ActiveCfg = Debug|Any CPU
		{E326FD2B-1218-4715-971B-508BD80BBFD1}.Debug|Any CPU.Build.0 = Debug|Any CPU
		{E326FD2B-1218-4715-971B-508BD80BBFD1}.Release|Any CPU.ActiveCfg = Release|Any CPU
		{E326FD2B-1218-4715-971B-508BD80BBFD1}.Release|Any CPU.Build.0 = Release|Any CPU
		{948A8012-3E55-405D-9705-55FA0A5FC1A1}.Debug|Any CPU.ActiveCfg = Debug|Any CPU
		{948A8012-3E55-405D-9705-55FA0A5FC1A1}.Debug|Any CPU.Build.0 = Debug|Any CPU
		{948A8012-3E55-405D-9705-55FA0A5FC1A1}.Release|Any CPU.ActiveCfg = Release|Any CPU
		{948A8012-3E55-405D-9705-55FA0A5FC1A1}.Release|Any CPU.Build.0 = Release|Any CPU
	EndGlobalSection
	GlobalSection(SolutionProperties) = preSolution
		HideSolutionNode = FALSE
	EndGlobalSection
	GlobalSection(ExtensibilityGlobals) = postSolution
		SolutionGuid = {D87EC6AD-2158-4734-93F1-E14B60649FB0}
	EndGlobalSection
EndGlobal
