
Microsoft Visual Studio Solution File, Format Version 12.00
# Visual Studio Version 16
VisualStudioVersion = 16.0.30011.22
MinimumVisualStudioVersion = 10.0.40219.1
Project("{FAE04EC0-301F-11D3-BF4B-00C04F79EFBC}") = "primerEjercicioSql", "primerEjercicioSql.csproj", "{C085AC02-CBE1-4A8C-9985-74928EC2CDB4}"
EndProject
Global
	GlobalSection(SolutionConfigurationPlatforms) = preSolution
		Debug|Any CPU = Debug|Any CPU
		Release|Any CPU = Release|Any CPU
	EndGlobalSection
	GlobalSection(ProjectConfigurationPlatforms) = postSolution
		{C085AC02-CBE1-4A8C-9985-74928EC2CDB4}.Debug|Any CPU.ActiveCfg = Debug|Any CPU
		{C085AC02-CBE1-4A8C-9985-74928EC2CDB4}.Debug|Any CPU.Build.0 = Debug|Any CPU
		{C085AC02-CBE1-4A8C-9985-74928EC2CDB4}.Release|Any CPU.ActiveCfg = Release|Any CPU
		{C085AC02-CBE1-4A8C-9985-74928EC2CDB4}.Release|Any CPU.Build.0 = Release|Any CPU
	EndGlobalSection
	GlobalSection(SolutionProperties) = preSolution
		HideSolutionNode = FALSE
	EndGlobalSection
	GlobalSection(ExtensibilityGlobals) = postSolution
		SolutionGuid = {ABCD0208-8BAB-4B60-BA69-688DF6EC79C1}
	EndGlobalSection
EndGlobal
