
Microsoft Visual Studio Solution File, Format Version 12.00
# Visual Studio Version 16
VisualStudioVersion = 16.0.29728.190
MinimumVisualStudioVersion = 10.0.40219.1
Project("{FAE04EC0-301F-11D3-BF4B-00C04F79EFBC}") = "Guia_Ejercicios_Lab_2", "Guia_Ejercicios_Lab_2\Guia_Ejercicios_Lab_2.csproj", "{ECE34EA0-A2FF-4E97-AF8A-CD7E050FC6DD}"
EndProject
Project("{FAE04EC0-301F-11D3-BF4B-00C04F79EFBC}") = "Ejercicio_01", "Ejercicio_01\Ejercicio_01.csproj", "{9641CF18-4C6F-4F6D-AC88-EB93C9A8C574}"
EndProject
Project("{FAE04EC0-301F-11D3-BF4B-00C04F79EFBC}") = "Ejercicio_02", "Ejercicio_02\Ejercicio_02.csproj", "{4C4BA1BF-48D2-43BE-8962-2EFA3B053282}"
EndProject
Project("{FAE04EC0-301F-11D3-BF4B-00C04F79EFBC}") = "Ejercicio_03", "Ejercicio_03\Ejercicio_03.csproj", "{40FE478C-5D18-4BEC-A0BE-04D59DAA1F23}"
EndProject
Project("{FAE04EC0-301F-11D3-BF4B-00C04F79EFBC}") = "Ejercicio_04", "Ejercicio_04\Ejercicio_04.csproj", "{81485085-332A-4569-B6CE-9FFA61C06C59}"
EndProject
Project("{FAE04EC0-301F-11D3-BF4B-00C04F79EFBC}") = "Ejercicio_05", "Ejercicio_05\Ejercicio_05.csproj", "{EBF1737F-1DA3-4955-A49F-8F2DBDB79FCE}"
EndProject
Project("{FAE04EC0-301F-11D3-BF4B-00C04F79EFBC}") = "Ejercicio_06", "Ejercicio_06\Ejercicio_06.csproj", "{A5821D29-1587-4B4A-8CBF-34DD4CA64073}"
EndProject
Project("{FAE04EC0-301F-11D3-BF4B-00C04F79EFBC}") = "Ejercicio_07", "Ejercicio_07\Ejercicio_07.csproj", "{6B131CE4-550F-4037-8E8B-B7BA674B0214}"
EndProject
Project("{FAE04EC0-301F-11D3-BF4B-00C04F79EFBC}") = "Ejercicio_08", "Ejercicio_08\Ejercicio_08.csproj", "{AC5124F8-CB8F-4731-A360-3C2DD87670F6}"
EndProject
Project("{FAE04EC0-301F-11D3-BF4B-00C04F79EFBC}") = "Ejercicio_09", "Ejercicio_09\Ejercicio_09.csproj", "{A1461DD1-B6EC-442B-BAF5-A9F5241A9E62}"
EndProject
Project("{FAE04EC0-301F-11D3-BF4B-00C04F79EFBC}") = "Ejercicio_10", "Ejercicio_10\Ejercicio_10.csproj", "{D9B4534E-0215-41A6-9454-CEE4D2ED3B55}"
EndProject
Global
	GlobalSection(SolutionConfigurationPlatforms) = preSolution
		Debug|Any CPU = Debug|Any CPU
		Release|Any CPU = Release|Any CPU
	EndGlobalSection
	GlobalSection(ProjectConfigurationPlatforms) = postSolution
		{ECE34EA0-A2FF-4E97-AF8A-CD7E050FC6DD}.Debug|Any CPU.ActiveCfg = Debug|Any CPU
		{ECE34EA0-A2FF-4E97-AF8A-CD7E050FC6DD}.Debug|Any CPU.Build.0 = Debug|Any CPU
		{ECE34EA0-A2FF-4E97-AF8A-CD7E050FC6DD}.Release|Any CPU.ActiveCfg = Release|Any CPU
		{ECE34EA0-A2FF-4E97-AF8A-CD7E050FC6DD}.Release|Any CPU.Build.0 = Release|Any CPU
		{9641CF18-4C6F-4F6D-AC88-EB93C9A8C574}.Debug|Any CPU.ActiveCfg = Debug|Any CPU
		{9641CF18-4C6F-4F6D-AC88-EB93C9A8C574}.Debug|Any CPU.Build.0 = Debug|Any CPU
		{9641CF18-4C6F-4F6D-AC88-EB93C9A8C574}.Release|Any CPU.ActiveCfg = Release|Any CPU
		{9641CF18-4C6F-4F6D-AC88-EB93C9A8C574}.Release|Any CPU.Build.0 = Release|Any CPU
		{4C4BA1BF-48D2-43BE-8962-2EFA3B053282}.Debug|Any CPU.ActiveCfg = Debug|Any CPU
		{4C4BA1BF-48D2-43BE-8962-2EFA3B053282}.Debug|Any CPU.Build.0 = Debug|Any CPU
		{4C4BA1BF-48D2-43BE-8962-2EFA3B053282}.Release|Any CPU.ActiveCfg = Release|Any CPU
		{4C4BA1BF-48D2-43BE-8962-2EFA3B053282}.Release|Any CPU.Build.0 = Release|Any CPU
		{40FE478C-5D18-4BEC-A0BE-04D59DAA1F23}.Debug|Any CPU.ActiveCfg = Debug|Any CPU
		{40FE478C-5D18-4BEC-A0BE-04D59DAA1F23}.Debug|Any CPU.Build.0 = Debug|Any CPU
		{40FE478C-5D18-4BEC-A0BE-04D59DAA1F23}.Release|Any CPU.ActiveCfg = Release|Any CPU
		{40FE478C-5D18-4BEC-A0BE-04D59DAA1F23}.Release|Any CPU.Build.0 = Release|Any CPU
		{81485085-332A-4569-B6CE-9FFA61C06C59}.Debug|Any CPU.ActiveCfg = Debug|Any CPU
		{81485085-332A-4569-B6CE-9FFA61C06C59}.Debug|Any CPU.Build.0 = Debug|Any CPU
		{81485085-332A-4569-B6CE-9FFA61C06C59}.Release|Any CPU.ActiveCfg = Release|Any CPU
		{81485085-332A-4569-B6CE-9FFA61C06C59}.Release|Any CPU.Build.0 = Release|Any CPU
		{EBF1737F-1DA3-4955-A49F-8F2DBDB79FCE}.Debug|Any CPU.ActiveCfg = Debug|Any CPU
		{EBF1737F-1DA3-4955-A49F-8F2DBDB79FCE}.Debug|Any CPU.Build.0 = Debug|Any CPU
		{EBF1737F-1DA3-4955-A49F-8F2DBDB79FCE}.Release|Any CPU.ActiveCfg = Release|Any CPU
		{EBF1737F-1DA3-4955-A49F-8F2DBDB79FCE}.Release|Any CPU.Build.0 = Release|Any CPU
		{A5821D29-1587-4B4A-8CBF-34DD4CA64073}.Debug|Any CPU.ActiveCfg = Debug|Any CPU
		{A5821D29-1587-4B4A-8CBF-34DD4CA64073}.Debug|Any CPU.Build.0 = Debug|Any CPU
		{A5821D29-1587-4B4A-8CBF-34DD4CA64073}.Release|Any CPU.ActiveCfg = Release|Any CPU
		{A5821D29-1587-4B4A-8CBF-34DD4CA64073}.Release|Any CPU.Build.0 = Release|Any CPU
		{6B131CE4-550F-4037-8E8B-B7BA674B0214}.Debug|Any CPU.ActiveCfg = Debug|Any CPU
		{6B131CE4-550F-4037-8E8B-B7BA674B0214}.Debug|Any CPU.Build.0 = Debug|Any CPU
		{6B131CE4-550F-4037-8E8B-B7BA674B0214}.Release|Any CPU.ActiveCfg = Release|Any CPU
		{6B131CE4-550F-4037-8E8B-B7BA674B0214}.Release|Any CPU.Build.0 = Release|Any CPU
		{AC5124F8-CB8F-4731-A360-3C2DD87670F6}.Debug|Any CPU.ActiveCfg = Debug|Any CPU
		{AC5124F8-CB8F-4731-A360-3C2DD87670F6}.Debug|Any CPU.Build.0 = Debug|Any CPU
		{AC5124F8-CB8F-4731-A360-3C2DD87670F6}.Release|Any CPU.ActiveCfg = Release|Any CPU
		{AC5124F8-CB8F-4731-A360-3C2DD87670F6}.Release|Any CPU.Build.0 = Release|Any CPU
		{A1461DD1-B6EC-442B-BAF5-A9F5241A9E62}.Debug|Any CPU.ActiveCfg = Debug|Any CPU
		{A1461DD1-B6EC-442B-BAF5-A9F5241A9E62}.Debug|Any CPU.Build.0 = Debug|Any CPU
		{A1461DD1-B6EC-442B-BAF5-A9F5241A9E62}.Release|Any CPU.ActiveCfg = Release|Any CPU
		{A1461DD1-B6EC-442B-BAF5-A9F5241A9E62}.Release|Any CPU.Build.0 = Release|Any CPU
		{D9B4534E-0215-41A6-9454-CEE4D2ED3B55}.Debug|Any CPU.ActiveCfg = Debug|Any CPU
		{D9B4534E-0215-41A6-9454-CEE4D2ED3B55}.Debug|Any CPU.Build.0 = Debug|Any CPU
		{D9B4534E-0215-41A6-9454-CEE4D2ED3B55}.Release|Any CPU.ActiveCfg = Release|Any CPU
		{D9B4534E-0215-41A6-9454-CEE4D2ED3B55}.Release|Any CPU.Build.0 = Release|Any CPU
	EndGlobalSection
	GlobalSection(SolutionProperties) = preSolution
		HideSolutionNode = FALSE
	EndGlobalSection
	GlobalSection(ExtensibilityGlobals) = postSolution
		SolutionGuid = {2C897514-A581-4E13-82F2-0F7617418005}
	EndGlobalSection
EndGlobal
